
Microsoft Visual Studio Solution File, Format Version 12.00
# Visual Studio Version 17
VisualStudioVersion = 17.14.36221.1 d17.14
MinimumVisualStudioVersion = 10.0.40219.1
Project("{FAE04EC0-301F-11D3-BF4B-00C04F79EFBC}") = "ISIP422_Zheltobryukh", "ISIP422_Zheltobryukh\ISIP422_Zheltobryukh.csproj", "{3A4E401C-3CDB-4776-A0C5-A5B1A564CF79}"
EndProject
Global
	GlobalSection(SolutionConfigurationPlatforms) = preSolution
		Debug|Any CPU = Debug|Any CPU
		Release|Any CPU = Release|Any CPU
	EndGlobalSection
	GlobalSection(ProjectConfigurationPlatforms) = postSolution
		{3A4E401C-3CDB-4776-A0C5-A5B1A564CF79}.Debug|Any CPU.ActiveCfg = Debug|Any CPU
		{3A4E401C-3CDB-4776-A0C5-A5B1A564CF79}.Debug|Any CPU.Build.0 = Debug|Any CPU
		{3A4E401C-3CDB-4776-A0C5-A5B1A564CF79}.Release|Any CPU.ActiveCfg = Release|Any CPU
		{3A4E401C-3CDB-4776-A0C5-A5B1A564CF79}.Release|Any CPU.Build.0 = Release|Any CPU
	EndGlobalSection
	GlobalSection(SolutionProperties) = preSolution
		HideSolutionNode = FALSE
	EndGlobalSection
	GlobalSection(ExtensibilityGlobals) = postSolution
		SolutionGuid = {25E80954-E94A-4C3F-B0F8-968CB89BB37B}
	EndGlobalSection
EndGlobal
